
Microsoft Visual Studio Solution File, Format Version 12.00
# Visual Studio 15
VisualStudioVersion = 15.0.28307.271
MinimumVisualStudioVersion = 10.0.40219.1
Project("{8BC9CEB8-8B4A-11D0-8D11-00A0C91BC942}") = "Group4StudentApp", "Group4StudentApp\Group4StudentApp.vcxproj", "{90E5C16E-6739-472D-9668-6BF31C48810A}"
EndProject
Project("{8BC9CEB8-8B4A-11D0-8D11-00A0C91BC942}") = "Group4UnitTest", "Group4UnitTest\Group4UnitTest.vcxproj", "{EE7B9B13-AF8D-4974-998C-9AC9C19B24C8}"
EndProject
Global
	GlobalSection(SolutionConfigurationPlatforms) = preSolution
		Debug|x64 = Debug|x64
		Debug|x86 = Debug|x86
		Release|x64 = Release|x64
		Release|x86 = Release|x86
	EndGlobalSection
	GlobalSection(ProjectConfigurationPlatforms) = postSolution
		{90E5C16E-6739-472D-9668-6BF31C48810A}.Debug|x64.ActiveCfg = Debug|x64
		{90E5C16E-6739-472D-9668-6BF31C48810A}.Debug|x64.Build.0 = Debug|x64
		{90E5C16E-6739-472D-9668-6BF31C48810A}.Debug|x86.ActiveCfg = Debug|Win32
		{90E5C16E-6739-472D-9668-6BF31C48810A}.Debug|x86.Build.0 = Debug|Win32
		{90E5C16E-6739-472D-9668-6BF31C48810A}.Release|x64.ActiveCfg = Release|x64
		{90E5C16E-6739-472D-9668-6BF31C48810A}.Release|x64.Build.0 = Release|x64
		{90E5C16E-6739-472D-9668-6BF31C48810A}.Release|x86.ActiveCfg = Release|Win32
		{90E5C16E-6739-472D-9668-6BF31C48810A}.Release|x86.Build.0 = Release|Win32
		{EE7B9B13-AF8D-4974-998C-9AC9C19B24C8}.Debug|x64.ActiveCfg = Debug|x64
		{EE7B9B13-AF8D-4974-998C-9AC9C19B24C8}.Debug|x64.Build.0 = Debug|x64
		{EE7B9B13-AF8D-4974-998C-9AC9C19B24C8}.Debug|x86.ActiveCfg = Debug|Win32
		{EE7B9B13-AF8D-4974-998C-9AC9C19B24C8}.Debug|x86.Build.0 = Debug|Win32
		{EE7B9B13-AF8D-4974-998C-9AC9C19B24C8}.Release|x64.ActiveCfg = Release|x64
		{EE7B9B13-AF8D-4974-998C-9AC9C19B24C8}.Release|x64.Build.0 = Release|x64
		{EE7B9B13-AF8D-4974-998C-9AC9C19B24C8}.Release|x86.ActiveCfg = Release|Win32
		{EE7B9B13-AF8D-4974-998C-9AC9C19B24C8}.Release|x86.Build.0 = Release|Win32
	EndGlobalSection
	GlobalSection(SolutionProperties) = preSolution
		HideSolutionNode = FALSE
	EndGlobalSection
	GlobalSection(ExtensibilityGlobals) = postSolution
		SolutionGuid = {9E066A50-13F9-4101-90D4-23619E1986D9}
	EndGlobalSection
EndGlobal
