<?xml version="1.0" encoding="utf-8"?>
<Project ToolsVersion="4.0" xmlns="http://schemas.microsoft.com/developer/msbuild/2003">
  <ItemGroup>
    <ClCompile Include="date.cpp" />
    <ClCompile Include="Email.cpp" />
    <ClCompile Include="MailingAddress.cpp" />
    <ClCompile Include="phoneNumber.cpp" />
    <ClCompile Include="Semester.cpp" />
    <ClCompile Include="Student.cpp" />
    <ClCompile Include="Group4_Milestone1_Test.cpp" />
    <ClCompile Include="Tester.cpp" />
  </ItemGroup>
  <ItemGroup>
    <ClInclude Include="date.h" />
    <ClInclude Include="Email.h" />
    <ClInclude Include="MailingAddress.h" />
    <ClInclude Include="PhoneNumber.h" />
    <ClInclude Include="Semester.h" />
    <ClInclude Include="Student.h" />
    <ClInclude Include="Tester.h" />
  </ItemGroup>
</Project>